
Microsoft Visual Studio Solution File, Format Version 12.00
# Visual Studio Version 17
VisualStudioVersion = 17.3.32825.248
MinimumVisualStudioVersion = 10.0.40219.1
Project("{FAE04EC0-301F-11D3-BF4B-00C04F79EFBC}") = "EmarSys_DueDateCalculator", "EmarSys_DueDateCalculator\EmarSys_DueDateCalculator.csproj", "{24843F94-E45F-4655-8640-8655BE080AE0}"
EndProject
Project("{FAE04EC0-301F-11D3-BF4B-00C04F79EFBC}") = "Tests", "Tests\Tests.csproj", "{6D03B140-8346-4E1C-B572-C7B3782F31CA}"
EndProject
Global
	GlobalSection(SolutionConfigurationPlatforms) = preSolution
		Debug|Any CPU = Debug|Any CPU
		Release|Any CPU = Release|Any CPU
	EndGlobalSection
	GlobalSection(ProjectConfigurationPlatforms) = postSolution
		{24843F94-E45F-4655-8640-8655BE080AE0}.Debug|Any CPU.ActiveCfg = Debug|Any CPU
		{24843F94-E45F-4655-8640-8655BE080AE0}.Debug|Any CPU.Build.0 = Debug|Any CPU
		{24843F94-E45F-4655-8640-8655BE080AE0}.Release|Any CPU.ActiveCfg = Release|Any CPU
		{24843F94-E45F-4655-8640-8655BE080AE0}.Release|Any CPU.Build.0 = Release|Any CPU
		{6D03B140-8346-4E1C-B572-C7B3782F31CA}.Debug|Any CPU.ActiveCfg = Debug|Any CPU
		{6D03B140-8346-4E1C-B572-C7B3782F31CA}.Debug|Any CPU.Build.0 = Debug|Any CPU
		{6D03B140-8346-4E1C-B572-C7B3782F31CA}.Release|Any CPU.ActiveCfg = Release|Any CPU
		{6D03B140-8346-4E1C-B572-C7B3782F31CA}.Release|Any CPU.Build.0 = Release|Any CPU
	EndGlobalSection
	GlobalSection(SolutionProperties) = preSolution
		HideSolutionNode = FALSE
	EndGlobalSection
	GlobalSection(ExtensibilityGlobals) = postSolution
		SolutionGuid = {BDF60869-DD0D-47DB-9C3C-778A37A9144E}
	EndGlobalSection
EndGlobal
